
Microsoft Visual Studio Solution File, Format Version 12.00
# Visual Studio Version 17
VisualStudioVersion = 17.3.32922.545
MinimumVisualStudioVersion = 10.0.40219.1
Project("{FAE04EC0-301F-11D3-BF4B-00C04F79EFBC}") = "Calculator", "Calculator\Calculator.csproj", "{6F01D05B-0C52-4BB8-AF0B-7B97D328BD10}"
EndProject
Project("{FAE04EC0-301F-11D3-BF4B-00C04F79EFBC}") = "UnitTestProject", "UnitTestProject\UnitTestProject.csproj", "{F76472E3-3F64-4D3F-82D8-C54389BEEE4B}"
EndProject
Global
	GlobalSection(SolutionConfigurationPlatforms) = preSolution
		Debug|Any CPU = Debug|Any CPU
		Release|Any CPU = Release|Any CPU
	EndGlobalSection
	GlobalSection(ProjectConfigurationPlatforms) = postSolution
		{6F01D05B-0C52-4BB8-AF0B-7B97D328BD10}.Debug|Any CPU.ActiveCfg = Debug|Any CPU
		{6F01D05B-0C52-4BB8-AF0B-7B97D328BD10}.Debug|Any CPU.Build.0 = Debug|Any CPU
		{6F01D05B-0C52-4BB8-AF0B-7B97D328BD10}.Release|Any CPU.ActiveCfg = Release|Any CPU
		{6F01D05B-0C52-4BB8-AF0B-7B97D328BD10}.Release|Any CPU.Build.0 = Release|Any CPU
		{F76472E3-3F64-4D3F-82D8-C54389BEEE4B}.Debug|Any CPU.ActiveCfg = Debug|Any CPU
		{F76472E3-3F64-4D3F-82D8-C54389BEEE4B}.Debug|Any CPU.Build.0 = Debug|Any CPU
		{F76472E3-3F64-4D3F-82D8-C54389BEEE4B}.Release|Any CPU.ActiveCfg = Release|Any CPU
		{F76472E3-3F64-4D3F-82D8-C54389BEEE4B}.Release|Any CPU.Build.0 = Release|Any CPU
	EndGlobalSection
	GlobalSection(SolutionProperties) = preSolution
		HideSolutionNode = FALSE
	EndGlobalSection
	GlobalSection(ExtensibilityGlobals) = postSolution
		SolutionGuid = {51DFDE9E-AFB9-45DF-B0A3-E44EF88E7954}
	EndGlobalSection
EndGlobal
